
Microsoft Visual Studio Solution File, Format Version 12.00
# Visual Studio 15
VisualStudioVersion = 15.0.27703.2047
MinimumVisualStudioVersion = 10.0.40219.1
Project("{FAE04EC0-301F-11D3-BF4B-00C04F79EFBC}") = "SerializationDeserialization", "SerializationDeserialization\SerializationDeserialization.csproj", "{D4F8AFF1-6856-408D-96C3-1BE99119CD21}"
EndProject
Global
	GlobalSection(SolutionConfigurationPlatforms) = preSolution
		Debug|Any CPU = Debug|Any CPU
		Release|Any CPU = Release|Any CPU
	EndGlobalSection
	GlobalSection(ProjectConfigurationPlatforms) = postSolution
		{D4F8AFF1-6856-408D-96C3-1BE99119CD21}.Debug|Any CPU.ActiveCfg = Debug|Any CPU
		{D4F8AFF1-6856-408D-96C3-1BE99119CD21}.Debug|Any CPU.Build.0 = Debug|Any CPU
		{D4F8AFF1-6856-408D-96C3-1BE99119CD21}.Release|Any CPU.ActiveCfg = Release|Any CPU
		{D4F8AFF1-6856-408D-96C3-1BE99119CD21}.Release|Any CPU.Build.0 = Release|Any CPU
	EndGlobalSection
	GlobalSection(SolutionProperties) = preSolution
		HideSolutionNode = FALSE
	EndGlobalSection
	GlobalSection(ExtensibilityGlobals) = postSolution
		SolutionGuid = {904DDAD0-85F0-46F8-AC0F-5786FF5E507E}
	EndGlobalSection
EndGlobal
