
Microsoft Visual Studio Solution File, Format Version 12.00
# Visual Studio 15
VisualStudioVersion = 15.0.27703.2000
MinimumVisualStudioVersion = 10.0.40219.1
Project("{FAE04EC0-301F-11D3-BF4B-00C04F79EFBC}") = "CodeDom", "CodeDom.csproj", "{998A52EC-DD6C-4E7B-B3D2-3786D93525C6}"
EndProject
Global
	GlobalSection(SolutionConfigurationPlatforms) = preSolution
		Debug|Any CPU = Debug|Any CPU
		Release|Any CPU = Release|Any CPU
	EndGlobalSection
	GlobalSection(ProjectConfigurationPlatforms) = postSolution
		{998A52EC-DD6C-4E7B-B3D2-3786D93525C6}.Debug|Any CPU.ActiveCfg = Debug|Any CPU
		{998A52EC-DD6C-4E7B-B3D2-3786D93525C6}.Debug|Any CPU.Build.0 = Debug|Any CPU
		{998A52EC-DD6C-4E7B-B3D2-3786D93525C6}.Release|Any CPU.ActiveCfg = Release|Any CPU
		{998A52EC-DD6C-4E7B-B3D2-3786D93525C6}.Release|Any CPU.Build.0 = Release|Any CPU
	EndGlobalSection
	GlobalSection(SolutionProperties) = preSolution
		HideSolutionNode = FALSE
	EndGlobalSection
	GlobalSection(ExtensibilityGlobals) = postSolution
		SolutionGuid = {7D66D042-B4A7-4376-AF2B-356FF31B33B0}
	EndGlobalSection
EndGlobal
